
Microsoft Visual Studio Solution File, Format Version 12.00
Project("{FAE04EC0-301F-11D3-BF4B-00C04F79EFBC}") = "EventStoreDB.Dotnet.Sample", "EventStoreDB.Dotnet.Sample.csproj", "{2BFA3FFA-488C-4F20-BA3C-B603F5E75CC5}"
EndProject
Global
	GlobalSection(SolutionConfigurationPlatforms) = preSolution
		Debug|Any CPU = Debug|Any CPU
		Release|Any CPU = Release|Any CPU
	EndGlobalSection
	GlobalSection(ProjectConfigurationPlatforms) = postSolution
		{2BFA3FFA-488C-4F20-BA3C-B603F5E75CC5}.Debug|Any CPU.ActiveCfg = Debug|Any CPU
		{2BFA3FFA-488C-4F20-BA3C-B603F5E75CC5}.Debug|Any CPU.Build.0 = Debug|Any CPU
		{2BFA3FFA-488C-4F20-BA3C-B603F5E75CC5}.Release|Any CPU.ActiveCfg = Release|Any CPU
		{2BFA3FFA-488C-4F20-BA3C-B603F5E75CC5}.Release|Any CPU.Build.0 = Release|Any CPU
	EndGlobalSection
EndGlobal
