
Microsoft Visual Studio Solution File, Format Version 12.00
Project("{2150E333-8FDC-42A3-9474-1A3956D46DE8}") = "Core", "Core", "{CC9592F6-C639-4C1E-A089-E5A7F4B9BAEA}"
EndProject
Project("{2150E333-8FDC-42A3-9474-1A3956D46DE8}") = "Carts", "Carts", "{190C033E-DF29-4F8F-A048-7E860ADD082D}"
EndProject
Project("{FAE04EC0-301F-11D3-BF4B-00C04F79EFBC}") = "Carts", "Carts\Carts\Carts.csproj", "{6ED65CEC-8661-483F-A7BE-5B6EAAE7E5A2}"
EndProject
Project("{FAE04EC0-301F-11D3-BF4B-00C04F79EFBC}") = "Carts.Api", "Carts\Carts.Api\Carts.Api.csproj", "{AB956DE1-6927-49D3-986C-6298AD92FC04}"
EndProject
Project("{FAE04EC0-301F-11D3-BF4B-00C04F79EFBC}") = "Carts.Api.Tests", "Carts\Carts.Api.Tests\Carts.Api.Tests.csproj", "{CC1B576D-02A7-422D-9F3E-359B2D56C572}"
EndProject
Project("{FAE04EC0-301F-11D3-BF4B-00C04F79EFBC}") = "Carts.Tests", "Carts\Carts.Tests\Carts.Tests.csproj", "{8A084C8F-71B2-43C4-9666-A4D94F0852BD}"
EndProject
Project("{FAE04EC0-301F-11D3-BF4B-00C04F79EFBC}") = "Core", "Core\Core\Core.csproj", "{EBF88583-A27D-4392-ACBE-D1B310698517}"
EndProject
Project("{FAE04EC0-301F-11D3-BF4B-00C04F79EFBC}") = "Core.EventStoreDB", "Core\Core.EventStoreDB\Core.EventStoreDB.csproj", "{BDA8065D-9652-4CBA-BE8A-5B31EB873BD1}"
EndProject
Project("{FAE04EC0-301F-11D3-BF4B-00C04F79EFBC}") = "Core.Testing", "Core\Core.Testing\Core.Testing.csproj", "{CC1CB129-9AFE-489B-A182-70DCABB493F9}"
EndProject
Project("{FAE04EC0-301F-11D3-BF4B-00C04F79EFBC}") = "Core.WebApi", "Core\Core.WebApi\Core.WebApi.csproj", "{34F3A85F-49DE-4FB4-A052-7C422656C476}"
EndProject
Project("{FAE04EC0-301F-11D3-BF4B-00C04F79EFBC}") = "Core.ElasticSearch", "Core\Core.ElasticSearch\Core.ElasticSearch.csproj", "{E5553212-F5D4-4E4A-82D0-49FB2B5D1CBD}"
EndProject
Project("{2150E333-8FDC-42A3-9474-1A3956D46DE8}") = "docker", "docker", "{65246630-EBEA-4E52-97CE-1339A98CFE01}"
ProjectSection(SolutionItems) = preProject
	docker-compose.yml = docker-compose.yml
EndProjectSection
EndProject
Project("{2150E333-8FDC-42A3-9474-1A3956D46DE8}") = "docs", "docs", "{A33F3671-D99D-47A0-A584-16D444A2C238}"
ProjectSection(SolutionItems) = preProject
	README.md = README.md
EndProjectSection
EndProject
Global
	GlobalSection(SolutionConfigurationPlatforms) = preSolution
		Debug|Any CPU = Debug|Any CPU
		Release|Any CPU = Release|Any CPU
	EndGlobalSection
	GlobalSection(NestedProjects) = preSolution
		{6ED65CEC-8661-483F-A7BE-5B6EAAE7E5A2} = {190C033E-DF29-4F8F-A048-7E860ADD082D}
		{AB956DE1-6927-49D3-986C-6298AD92FC04} = {190C033E-DF29-4F8F-A048-7E860ADD082D}
		{CC1B576D-02A7-422D-9F3E-359B2D56C572} = {190C033E-DF29-4F8F-A048-7E860ADD082D}
		{8A084C8F-71B2-43C4-9666-A4D94F0852BD} = {190C033E-DF29-4F8F-A048-7E860ADD082D}
		{EBF88583-A27D-4392-ACBE-D1B310698517} = {CC9592F6-C639-4C1E-A089-E5A7F4B9BAEA}
		{BDA8065D-9652-4CBA-BE8A-5B31EB873BD1} = {CC9592F6-C639-4C1E-A089-E5A7F4B9BAEA}
		{CC1CB129-9AFE-489B-A182-70DCABB493F9} = {CC9592F6-C639-4C1E-A089-E5A7F4B9BAEA}
		{34F3A85F-49DE-4FB4-A052-7C422656C476} = {CC9592F6-C639-4C1E-A089-E5A7F4B9BAEA}
		{E5553212-F5D4-4E4A-82D0-49FB2B5D1CBD} = {CC9592F6-C639-4C1E-A089-E5A7F4B9BAEA}
	EndGlobalSection
	GlobalSection(ProjectConfigurationPlatforms) = postSolution
		{6ED65CEC-8661-483F-A7BE-5B6EAAE7E5A2}.Debug|Any CPU.ActiveCfg = Debug|Any CPU
		{6ED65CEC-8661-483F-A7BE-5B6EAAE7E5A2}.Debug|Any CPU.Build.0 = Debug|Any CPU
		{6ED65CEC-8661-483F-A7BE-5B6EAAE7E5A2}.Release|Any CPU.ActiveCfg = Release|Any CPU
		{6ED65CEC-8661-483F-A7BE-5B6EAAE7E5A2}.Release|Any CPU.Build.0 = Release|Any CPU
		{AB956DE1-6927-49D3-986C-6298AD92FC04}.Debug|Any CPU.ActiveCfg = Debug|Any CPU
		{AB956DE1-6927-49D3-986C-6298AD92FC04}.Debug|Any CPU.Build.0 = Debug|Any CPU
		{AB956DE1-6927-49D3-986C-6298AD92FC04}.Release|Any CPU.ActiveCfg = Release|Any CPU
		{AB956DE1-6927-49D3-986C-6298AD92FC04}.Release|Any CPU.Build.0 = Release|Any CPU
		{CC1B576D-02A7-422D-9F3E-359B2D56C572}.Debug|Any CPU.ActiveCfg = Debug|Any CPU
		{CC1B576D-02A7-422D-9F3E-359B2D56C572}.Debug|Any CPU.Build.0 = Debug|Any CPU
		{CC1B576D-02A7-422D-9F3E-359B2D56C572}.Release|Any CPU.ActiveCfg = Release|Any CPU
		{CC1B576D-02A7-422D-9F3E-359B2D56C572}.Release|Any CPU.Build.0 = Release|Any CPU
		{8A084C8F-71B2-43C4-9666-A4D94F0852BD}.Debug|Any CPU.ActiveCfg = Debug|Any CPU
		{8A084C8F-71B2-43C4-9666-A4D94F0852BD}.Debug|Any CPU.Build.0 = Debug|Any CPU
		{8A084C8F-71B2-43C4-9666-A4D94F0852BD}.Release|Any CPU.ActiveCfg = Release|Any CPU
		{8A084C8F-71B2-43C4-9666-A4D94F0852BD}.Release|Any CPU.Build.0 = Release|Any CPU
		{EBF88583-A27D-4392-ACBE-D1B310698517}.Debug|Any CPU.ActiveCfg = Debug|Any CPU
		{EBF88583-A27D-4392-ACBE-D1B310698517}.Debug|Any CPU.Build.0 = Debug|Any CPU
		{EBF88583-A27D-4392-ACBE-D1B310698517}.Release|Any CPU.ActiveCfg = Release|Any CPU
		{EBF88583-A27D-4392-ACBE-D1B310698517}.Release|Any CPU.Build.0 = Release|Any CPU
		{BDA8065D-9652-4CBA-BE8A-5B31EB873BD1}.Debug|Any CPU.ActiveCfg = Debug|Any CPU
		{BDA8065D-9652-4CBA-BE8A-5B31EB873BD1}.Debug|Any CPU.Build.0 = Debug|Any CPU
		{BDA8065D-9652-4CBA-BE8A-5B31EB873BD1}.Release|Any CPU.ActiveCfg = Release|Any CPU
		{BDA8065D-9652-4CBA-BE8A-5B31EB873BD1}.Release|Any CPU.Build.0 = Release|Any CPU
		{CC1CB129-9AFE-489B-A182-70DCABB493F9}.Debug|Any CPU.ActiveCfg = Debug|Any CPU
		{CC1CB129-9AFE-489B-A182-70DCABB493F9}.Debug|Any CPU.Build.0 = Debug|Any CPU
		{CC1CB129-9AFE-489B-A182-70DCABB493F9}.Release|Any CPU.ActiveCfg = Release|Any CPU
		{CC1CB129-9AFE-489B-A182-70DCABB493F9}.Release|Any CPU.Build.0 = Release|Any CPU
		{34F3A85F-49DE-4FB4-A052-7C422656C476}.Debug|Any CPU.ActiveCfg = Debug|Any CPU
		{34F3A85F-49DE-4FB4-A052-7C422656C476}.Debug|Any CPU.Build.0 = Debug|Any CPU
		{34F3A85F-49DE-4FB4-A052-7C422656C476}.Release|Any CPU.ActiveCfg = Release|Any CPU
		{34F3A85F-49DE-4FB4-A052-7C422656C476}.Release|Any CPU.Build.0 = Release|Any CPU
		{E5553212-F5D4-4E4A-82D0-49FB2B5D1CBD}.Debug|Any CPU.ActiveCfg = Debug|Any CPU
		{E5553212-F5D4-4E4A-82D0-49FB2B5D1CBD}.Debug|Any CPU.Build.0 = Debug|Any CPU
		{E5553212-F5D4-4E4A-82D0-49FB2B5D1CBD}.Release|Any CPU.ActiveCfg = Release|Any CPU
		{E5553212-F5D4-4E4A-82D0-49FB2B5D1CBD}.Release|Any CPU.Build.0 = Release|Any CPU
	EndGlobalSection
EndGlobal
